
Microsoft Visual Studio Solution File, Format Version 12.00
# Visual Studio Version 17
VisualStudioVersion = 17.5.002.0
MinimumVisualStudioVersion = 10.0.40219.1
Project("{2150E333-8FDC-42A3-9474-1A3956D46DE8}") = "week02", "week02", "{D007B9CE-41C3-485A-B91C-61019C6E8863}"
EndProject
Project("{9A19103F-16F7-4668-BE54-9A1E7A4F7556}") = "learn", "week02\learn\learn.csproj", "{835F3CBD-1418-42D0-896D-A1897269D69A}"
EndProject
Project("{9A19103F-16F7-4668-BE54-9A1E7A4F7556}") = "analyze", "week02\analyze\analyze.csproj", "{23CC92EA-8BB3-4DEB-AE6B-2F6F1773255A}"
EndProject
Project("{9A19103F-16F7-4668-BE54-9A1E7A4F7556}") = "code", "week02\code\code.csproj", "{28B9D570-D0C4-4CB2-9BB7-0A3A1C676D71}"
EndProject
Project("{9A19103F-16F7-4668-BE54-9A1E7A4F7556}") = "teach", "week02\teach\teach.csproj", "{44681681-ED46-4783-A4AA-1DDE1F4BAC52}"
EndProject
Project("{2150E333-8FDC-42A3-9474-1A3956D46DE8}") = "week03", "week03", "{DE7D58E6-4C81-488F-B65E-AE5FF2B6703C}"
EndProject
Project("{9A19103F-16F7-4668-BE54-9A1E7A4F7556}") = "learn", "week03\learn\learn.csproj", "{6574B780-73DD-41F2-9B83-BCBC21FB7D6E}"
EndProject
Project("{9A19103F-16F7-4668-BE54-9A1E7A4F7556}") = "code", "week03\code\code.csproj", "{FF026F5A-5E15-4C03-853B-97C7C3B26790}"
EndProject
Project("{9A19103F-16F7-4668-BE54-9A1E7A4F7556}") = "teach", "week03\teach\teach.csproj", "{F3C5BC1A-58D4-45F6-BAA9-BD32B27A5A83}"
EndProject
Project("{2150E333-8FDC-42A3-9474-1A3956D46DE8}") = "week06", "week06", "{8B33B623-417B-480D-A289-A29EB39F199C}"
EndProject
Project("{9A19103F-16F7-4668-BE54-9A1E7A4F7556}") = "code", "week06\code\code.csproj", "{B4D0D286-2389-412B-98C3-C07FF38FBC9B}"
EndProject
Project("{2150E333-8FDC-42A3-9474-1A3956D46DE8}") = "sandbox", "sandbox", "{ED5D6EB4-28E9-471F-90EC-1B6FECC8951E}"
EndProject
Project("{9A19103F-16F7-4668-BE54-9A1E7A4F7556}") = "sandbox_project", "sandbox\sandbox_project\sandbox_project.csproj", "{DC70922F-4E82-4F0D-BE6F-26C09A478101}"
EndProject
Project("{2150E333-8FDC-42A3-9474-1A3956D46DE8}") = "week04", "week04", "{49644587-0F34-4821-8AFE-D3749B354A6C}"
EndProject
Project("{9A19103F-16F7-4668-BE54-9A1E7A4F7556}") = "code", "week04\code\code.csproj", "{492FB8A0-955B-4EF6-8D11-A362A076B524}"
EndProject
Project("{2150E333-8FDC-42A3-9474-1A3956D46DE8}") = "week01", "week01", "{FEB4E984-5E56-4617-897E-E54C4BF96E7C}"
EndProject
Project("{9A19103F-16F7-4668-BE54-9A1E7A4F7556}") = "analyze", "week01\analyze\analyze.csproj", "{45EB32CE-88E6-4A3D-A4D2-E3ABDCB2F6AC}"
EndProject
Project("{9A19103F-16F7-4668-BE54-9A1E7A4F7556}") = "code", "week01\code\code.csproj", "{5E916A7C-FECC-4AD4-9154-E3E675D42C24}"
EndProject
Project("{9A19103F-16F7-4668-BE54-9A1E7A4F7556}") = "teach", "week01\teach\teach.csproj", "{449B2F5F-16D1-4083-A73F-319877648DE6}"
EndProject
Project("{2150E333-8FDC-42A3-9474-1A3956D46DE8}") = "week05", "week05", "{F67EE932-4CAE-4D48-966A-B36E0ECD55AB}"
EndProject
Project("{9A19103F-16F7-4668-BE54-9A1E7A4F7556}") = "code", "week05\code\code.csproj", "{B24E98EF-F3BD-425D-9D3E-69589169A34D}"
EndProject
Global
	GlobalSection(SolutionConfigurationPlatforms) = preSolution
		Debug|Any CPU = Debug|Any CPU
		Release|Any CPU = Release|Any CPU
	EndGlobalSection
	GlobalSection(ProjectConfigurationPlatforms) = postSolution
		{835F3CBD-1418-42D0-896D-A1897269D69A}.Debug|Any CPU.ActiveCfg = Debug|Any CPU
		{835F3CBD-1418-42D0-896D-A1897269D69A}.Debug|Any CPU.Build.0 = Debug|Any CPU
		{835F3CBD-1418-42D0-896D-A1897269D69A}.Release|Any CPU.ActiveCfg = Release|Any CPU
		{835F3CBD-1418-42D0-896D-A1897269D69A}.Release|Any CPU.Build.0 = Release|Any CPU
		{23CC92EA-8BB3-4DEB-AE6B-2F6F1773255A}.Debug|Any CPU.ActiveCfg = Debug|Any CPU
		{23CC92EA-8BB3-4DEB-AE6B-2F6F1773255A}.Debug|Any CPU.Build.0 = Debug|Any CPU
		{23CC92EA-8BB3-4DEB-AE6B-2F6F1773255A}.Release|Any CPU.ActiveCfg = Release|Any CPU
		{23CC92EA-8BB3-4DEB-AE6B-2F6F1773255A}.Release|Any CPU.Build.0 = Release|Any CPU
		{28B9D570-D0C4-4CB2-9BB7-0A3A1C676D71}.Debug|Any CPU.ActiveCfg = Debug|Any CPU
		{28B9D570-D0C4-4CB2-9BB7-0A3A1C676D71}.Debug|Any CPU.Build.0 = Debug|Any CPU
		{28B9D570-D0C4-4CB2-9BB7-0A3A1C676D71}.Release|Any CPU.ActiveCfg = Release|Any CPU
		{28B9D570-D0C4-4CB2-9BB7-0A3A1C676D71}.Release|Any CPU.Build.0 = Release|Any CPU
		{44681681-ED46-4783-A4AA-1DDE1F4BAC52}.Debug|Any CPU.ActiveCfg = Debug|Any CPU
		{44681681-ED46-4783-A4AA-1DDE1F4BAC52}.Debug|Any CPU.Build.0 = Debug|Any CPU
		{44681681-ED46-4783-A4AA-1DDE1F4BAC52}.Release|Any CPU.ActiveCfg = Release|Any CPU
		{44681681-ED46-4783-A4AA-1DDE1F4BAC52}.Release|Any CPU.Build.0 = Release|Any CPU
		{6574B780-73DD-41F2-9B83-BCBC21FB7D6E}.Debug|Any CPU.ActiveCfg = Debug|Any CPU
		{6574B780-73DD-41F2-9B83-BCBC21FB7D6E}.Debug|Any CPU.Build.0 = Debug|Any CPU
		{6574B780-73DD-41F2-9B83-BCBC21FB7D6E}.Release|Any CPU.ActiveCfg = Release|Any CPU
		{6574B780-73DD-41F2-9B83-BCBC21FB7D6E}.Release|Any CPU.Build.0 = Release|Any CPU
		{FF026F5A-5E15-4C03-853B-97C7C3B26790}.Debug|Any CPU.ActiveCfg = Debug|Any CPU
		{FF026F5A-5E15-4C03-853B-97C7C3B26790}.Debug|Any CPU.Build.0 = Debug|Any CPU
		{FF026F5A-5E15-4C03-853B-97C7C3B26790}.Release|Any CPU.ActiveCfg = Release|Any CPU
		{FF026F5A-5E15-4C03-853B-97C7C3B26790}.Release|Any CPU.Build.0 = Release|Any CPU
		{F3C5BC1A-58D4-45F6-BAA9-BD32B27A5A83}.Debug|Any CPU.ActiveCfg = Debug|Any CPU
		{F3C5BC1A-58D4-45F6-BAA9-BD32B27A5A83}.Debug|Any CPU.Build.0 = Debug|Any CPU
		{F3C5BC1A-58D4-45F6-BAA9-BD32B27A5A83}.Release|Any CPU.ActiveCfg = Release|Any CPU
		{F3C5BC1A-58D4-45F6-BAA9-BD32B27A5A83}.Release|Any CPU.Build.0 = Release|Any CPU
		{B4D0D286-2389-412B-98C3-C07FF38FBC9B}.Debug|Any CPU.ActiveCfg = Debug|Any CPU
		{B4D0D286-2389-412B-98C3-C07FF38FBC9B}.Debug|Any CPU.Build.0 = Debug|Any CPU
		{B4D0D286-2389-412B-98C3-C07FF38FBC9B}.Release|Any CPU.ActiveCfg = Release|Any CPU
		{B4D0D286-2389-412B-98C3-C07FF38FBC9B}.Release|Any CPU.Build.0 = Release|Any CPU
		{DC70922F-4E82-4F0D-BE6F-26C09A478101}.Debug|Any CPU.ActiveCfg = Debug|Any CPU
		{DC70922F-4E82-4F0D-BE6F-26C09A478101}.Debug|Any CPU.Build.0 = Debug|Any CPU
		{DC70922F-4E82-4F0D-BE6F-26C09A478101}.Release|Any CPU.ActiveCfg = Release|Any CPU
		{DC70922F-4E82-4F0D-BE6F-26C09A478101}.Release|Any CPU.Build.0 = Release|Any CPU
		{492FB8A0-955B-4EF6-8D11-A362A076B524}.Debug|Any CPU.ActiveCfg = Debug|Any CPU
		{492FB8A0-955B-4EF6-8D11-A362A076B524}.Debug|Any CPU.Build.0 = Debug|Any CPU
		{492FB8A0-955B-4EF6-8D11-A362A076B524}.Release|Any CPU.ActiveCfg = Release|Any CPU
		{492FB8A0-955B-4EF6-8D11-A362A076B524}.Release|Any CPU.Build.0 = Release|Any CPU
		{45EB32CE-88E6-4A3D-A4D2-E3ABDCB2F6AC}.Debug|Any CPU.ActiveCfg = Debug|Any CPU
		{45EB32CE-88E6-4A3D-A4D2-E3ABDCB2F6AC}.Debug|Any CPU.Build.0 = Debug|Any CPU
		{45EB32CE-88E6-4A3D-A4D2-E3ABDCB2F6AC}.Release|Any CPU.ActiveCfg = Release|Any CPU
		{45EB32CE-88E6-4A3D-A4D2-E3ABDCB2F6AC}.Release|Any CPU.Build.0 = Release|Any CPU
		{5E916A7C-FECC-4AD4-9154-E3E675D42C24}.Debug|Any CPU.ActiveCfg = Debug|Any CPU
		{5E916A7C-FECC-4AD4-9154-E3E675D42C24}.Debug|Any CPU.Build.0 = Debug|Any CPU
		{5E916A7C-FECC-4AD4-9154-E3E675D42C24}.Release|Any CPU.ActiveCfg = Release|Any CPU
		{5E916A7C-FECC-4AD4-9154-E3E675D42C24}.Release|Any CPU.Build.0 = Release|Any CPU
		{449B2F5F-16D1-4083-A73F-319877648DE6}.Debug|Any CPU.ActiveCfg = Debug|Any CPU
		{449B2F5F-16D1-4083-A73F-319877648DE6}.Debug|Any CPU.Build.0 = Debug|Any CPU
		{449B2F5F-16D1-4083-A73F-319877648DE6}.Release|Any CPU.ActiveCfg = Release|Any CPU
		{449B2F5F-16D1-4083-A73F-319877648DE6}.Release|Any CPU.Build.0 = Release|Any CPU
		{B24E98EF-F3BD-425D-9D3E-69589169A34D}.Debug|Any CPU.ActiveCfg = Debug|Any CPU
		{B24E98EF-F3BD-425D-9D3E-69589169A34D}.Debug|Any CPU.Build.0 = Debug|Any CPU
		{B24E98EF-F3BD-425D-9D3E-69589169A34D}.Release|Any CPU.ActiveCfg = Release|Any CPU
		{B24E98EF-F3BD-425D-9D3E-69589169A34D}.Release|Any CPU.Build.0 = Release|Any CPU
	EndGlobalSection
	GlobalSection(SolutionProperties) = preSolution
		HideSolutionNode = FALSE
	EndGlobalSection
	GlobalSection(NestedProjects) = preSolution
		{835F3CBD-1418-42D0-896D-A1897269D69A} = {D007B9CE-41C3-485A-B91C-61019C6E8863}
		{23CC92EA-8BB3-4DEB-AE6B-2F6F1773255A} = {D007B9CE-41C3-485A-B91C-61019C6E8863}
		{28B9D570-D0C4-4CB2-9BB7-0A3A1C676D71} = {D007B9CE-41C3-485A-B91C-61019C6E8863}
		{44681681-ED46-4783-A4AA-1DDE1F4BAC52} = {D007B9CE-41C3-485A-B91C-61019C6E8863}
		{6574B780-73DD-41F2-9B83-BCBC21FB7D6E} = {DE7D58E6-4C81-488F-B65E-AE5FF2B6703C}
		{FF026F5A-5E15-4C03-853B-97C7C3B26790} = {DE7D58E6-4C81-488F-B65E-AE5FF2B6703C}
		{F3C5BC1A-58D4-45F6-BAA9-BD32B27A5A83} = {DE7D58E6-4C81-488F-B65E-AE5FF2B6703C}
		{B4D0D286-2389-412B-98C3-C07FF38FBC9B} = {8B33B623-417B-480D-A289-A29EB39F199C}
		{DC70922F-4E82-4F0D-BE6F-26C09A478101} = {ED5D6EB4-28E9-471F-90EC-1B6FECC8951E}
		{492FB8A0-955B-4EF6-8D11-A362A076B524} = {49644587-0F34-4821-8AFE-D3749B354A6C}
		{45EB32CE-88E6-4A3D-A4D2-E3ABDCB2F6AC} = {FEB4E984-5E56-4617-897E-E54C4BF96E7C}
		{5E916A7C-FECC-4AD4-9154-E3E675D42C24} = {FEB4E984-5E56-4617-897E-E54C4BF96E7C}
		{449B2F5F-16D1-4083-A73F-319877648DE6} = {FEB4E984-5E56-4617-897E-E54C4BF96E7C}
		{B24E98EF-F3BD-425D-9D3E-69589169A34D} = {F67EE932-4CAE-4D48-966A-B36E0ECD55AB}
	EndGlobalSection
	GlobalSection(ExtensibilityGlobals) = postSolution
		SolutionGuid = {F1046E3F-1D65-43BE-9A37-A4A757D328E2}
	EndGlobalSection
EndGlobal
